// !$*UTF8*$!
{
	archiveVersion = 1;
	classes = {
	};
	objectVersion = 56;
	objects = {

/* Begin PBXBuildFile section */
		FADE14F42A6835770044CD98 /* LlamaApp.swift in Sources */ = {isa = PBXBuildFile; fileRef = FADE14F32A6835770044CD98 /* LlamaApp.swift */; };
		FADE14F62A6835770044CD98 /* ContentView.swift in Sources */ = {isa = PBXBuildFile; fileRef = FADE14F52A6835770044CD98 /* ContentView.swift */; };
		FADE14F82A6835780044CD98 /* Assets.xcassets in Resources */ = {isa = PBXBuildFile; fileRef = FADE14F72A6835780044CD98 /* Assets.xcassets */; };
		FADE14FB2A6835780044CD98 /* Preview Assets.xcassets in Resources */ = {isa = PBXBuildFile; fileRef = FADE14FA2A6835780044CD98 /* Preview Assets.xcassets */; };
		FADE15052A6835780044CD98 /* LlamaTests.swift in Sources */ = {isa = PBXBuildFile; fileRef = FADE15042A6835780044CD98 /* LlamaTests.swift */; };
		FADE150F2A6835780044CD98 /* LlamaUITests.swift in Sources */ = {isa = PBXBuildFile; fileRef = FADE150E2A6835780044CD98 /* LlamaUITests.swift */; };
		FADE15112A6835780044CD98 /* LlamaUITestsLaunchTests.swift in Sources */ = {isa = PBXBuildFile; fileRef = FADE15102A6835780044CD98 /* LlamaUITestsLaunchTests.swift */; };
		FADE151F2A6836470044CD98 /* Chat in Frameworks */ = {isa = PBXBuildFile; productRef = FADE151E2A6836470044CD98 /* Chat */; };
		FADE15212A6838500044CD98 /* LlamaMessageModel.swift in Sources */ = {isa = PBXBuildFile; fileRef = FADE15202A6838500044CD98 /* LlamaMessageModel.swift */; };
/* End PBXBuildFile section */

/* Begin PBXContainerItemProxy section */
		FADE15012A6835780044CD98 /* PBXContainerItemProxy */ = {
			isa = PBXContainerItemProxy;
			containerPortal = FADE14E82A6835770044CD98 /* Project object */;
			proxyType = 1;
			remoteGlobalIDString = FADE14EF2A6835770044CD98;
			remoteInfo = Llama;
		};
		FADE150B2A6835780044CD98 /* PBXContainerItemProxy */ = {
			isa = PBXContainerItemProxy;
			containerPortal = FADE14E82A6835770044CD98 /* Project object */;
			proxyType = 1;
			remoteGlobalIDString = FADE14EF2A6835770044CD98;
			remoteInfo = Llama;
		};
/* End PBXContainerItemProxy section */

/* Begin PBXFileReference section */
		FADE14F02A6835770044CD98 /* Llama.app */ = {isa = PBXFileReference; explicitFileType = wrapper.application; includeInIndex = 0; path = Llama.app; sourceTree = BUILT_PRODUCTS_DIR; };
		FADE14F32A6835770044CD98 /* LlamaApp.swift */ = {isa = PBXFileReference; lastKnownFileType = sourcecode.swift; path = LlamaApp.swift; sourceTree = "<group>"; };
		FADE14F52A6835770044CD98 /* ContentView.swift */ = {isa = PBXFileReference; lastKnownFileType = sourcecode.swift; path = ContentView.swift; sourceTree = "<group>"; };
		FADE14F72A6835780044CD98 /* Assets.xcassets */ = {isa = PBXFileReference; lastKnownFileType = folder.assetcatalog; path = Assets.xcassets; sourceTree = "<group>"; };
		FADE14FA2A6835780044CD98 /* Preview Assets.xcassets */ = {isa = PBXFileReference; lastKnownFileType = folder.assetcatalog; path = "Preview Assets.xcassets"; sourceTree = "<group>"; };
		FADE15002A6835780044CD98 /* LlamaTests.xctest */ = {isa = PBXFileReference; explicitFileType = wrapper.cfbundle; includeInIndex = 0; path = LlamaTests.xctest; sourceTree = BUILT_PRODUCTS_DIR; };
		FADE15042A6835780044CD98 /* LlamaTests.swift */ = {isa = PBXFileReference; lastKnownFileType = sourcecode.swift; path = LlamaTests.swift; sourceTree = "<group>"; };
		FADE150A2A6835780044CD98 /* LlamaUITests.xctest */ = {isa = PBXFileReference; explicitFileType = wrapper.cfbundle; includeInIndex = 0; path = LlamaUITests.xctest; sourceTree = BUILT_PRODUCTS_DIR; };
		FADE150E2A6835780044CD98 /* LlamaUITests.swift */ = {isa = PBXFileReference; lastKnownFileType = sourcecode.swift; path = LlamaUITests.swift; sourceTree = "<group>"; };
		FADE15102A6835780044CD98 /* LlamaUITestsLaunchTests.swift */ = {isa = PBXFileReference; lastKnownFileType = sourcecode.swift; path = LlamaUITestsLaunchTests.swift; sourceTree = "<group>"; };
		FADE15202A6838500044CD98 /* LlamaMessageModel.swift */ = {isa = PBXFileReference; lastKnownFileType = sourcecode.swift; path = LlamaMessageModel.swift; sourceTree = "<group>"; };
/* End PBXFileReference section */

/* Begin PBXFrameworksBuildPhase section */
		FADE14ED2A6835770044CD98 /* Frameworks */ = {
			isa = PBXFrameworksBuildPhase;
			buildActionMask = 2147483647;
			files = (
				FADE151F2A6836470044CD98 /* Chat in Frameworks */,
			);
			runOnlyForDeploymentPostprocessing = 0;
		};
		FADE14FD2A6835780044CD98 /* Frameworks */ = {
			isa = PBXFrameworksBuildPhase;
			buildActionMask = 2147483647;
			files = (
			);
			runOnlyForDeploymentPostprocessing = 0;
		};
		FADE15072A6835780044CD98 /* Frameworks */ = {
			isa = PBXFrameworksBuildPhase;
			buildActionMask = 2147483647;
			files = (
			);
			runOnlyForDeploymentPostprocessing = 0;
		};
/* End PBXFrameworksBuildPhase section */

/* Begin PBXGroup section */
		FADE14E72A6835770044CD98 = {
			isa = PBXGroup;
			children = (
				FADE14F22A6835770044CD98 /* Llama */,
				FADE15032A6835780044CD98 /* LlamaTests */,
				FADE150D2A6835780044CD98 /* LlamaUITests */,
				FADE14F12A6835770044CD98 /* Products */,
			);
			sourceTree = "<group>";
		};
		FADE14F12A6835770044CD98 /* Products */ = {
			isa = PBXGroup;
			children = (
				FADE14F02A6835770044CD98 /* Llama.app */,
				FADE15002A6835780044CD98 /* LlamaTests.xctest */,
				FADE150A2A6835780044CD98 /* LlamaUITests.xctest */,
			);
			name = Products;
			sourceTree = "<group>";
		};
		FADE14F22A6835770044CD98 /* Llama */ = {
			isa = PBXGroup;
			children = (
				FADE14F32A6835770044CD98 /* LlamaApp.swift */,
				FADE14F52A6835770044CD98 /* ContentView.swift */,
				FADE15202A6838500044CD98 /* LlamaMessageModel.swift */,
				FADE14F72A6835780044CD98 /* Assets.xcassets */,
				FADE14F92A6835780044CD98 /* Preview Content */,
			);
			path = Llama;
			sourceTree = "<group>";
		};
		FADE14F92A6835780044CD98 /* Preview Content */ = {
			isa = PBXGroup;
			children = (
				FADE14FA2A6835780044CD98 /* Preview Assets.xcassets */,
			);
			path = "Preview Content";
			sourceTree = "<group>";
		};
		FADE15032A6835780044CD98 /* LlamaTests */ = {
			isa = PBXGroup;
			children = (
				FADE15042A6835780044CD98 /* LlamaTests.swift */,
			);
			path = LlamaTests;
			sourceTree = "<group>";
		};
		FADE150D2A6835780044CD98 /* LlamaUITests */ = {
			isa = PBXGroup;
			children = (
				FADE150E2A6835780044CD98 /* LlamaUITests.swift */,
				FADE15102A6835780044CD98 /* LlamaUITestsLaunchTests.swift */,
			);
			path = LlamaUITests;
			sourceTree = "<group>";
		};
/* End PBXGroup section */

/* Begin PBXNativeTarget section */
		FADE14EF2A6835770044CD98 /* Llama */ = {
			isa = PBXNativeTarget;
			buildConfigurationList = FADE15142A6835780044CD98 /* Build configuration list for PBXNativeTarget "Llama" */;
			buildPhases = (
				FADE14EC2A6835770044CD98 /* Sources */,
				FADE14ED2A6835770044CD98 /* Frameworks */,
				FADE14EE2A6835770044CD98 /* Resources */,
			);
			buildRules = (
			);
			dependencies = (
			);
			name = Llama;
			packageProductDependencies = (
				FADE151E2A6836470044CD98 /* Chat */,
			);
			productName = Llama;
			productReference = FADE14F02A6835770044CD98 /* Llama.app */;
			productType = "com.apple.product-type.application";
		};
		FADE14FF2A6835780044CD98 /* LlamaTests */ = {
			isa = PBXNativeTarget;
			buildConfigurationList = FADE15172A6835780044CD98 /* Build configuration list for PBXNativeTarget "LlamaTests" */;
			buildPhases = (
				FADE14FC2A6835780044CD98 /* Sources */,
				FADE14FD2A6835780044CD98 /* Frameworks */,
				FADE14FE2A6835780044CD98 /* Resources */,
			);
			buildRules = (
			);
			dependencies = (
				FADE15022A6835780044CD98 /* PBXTargetDependency */,
			);
			name = LlamaTests;
			productName = LlamaTests;
			productReference = FADE15002A6835780044CD98 /* LlamaTests.xctest */;
			productType = "com.apple.product-type.bundle.unit-test";
		};
		FADE15092A6835780044CD98 /* LlamaUITests */ = {
			isa = PBXNativeTarget;
			buildConfigurationList = FADE151A2A6835780044CD98 /* Build configuration list for PBXNativeTarget "LlamaUITests" */;
			buildPhases = (
				FADE15062A6835780044CD98 /* Sources */,
				FADE15072A6835780044CD98 /* Frameworks */,
				FADE15082A6835780044CD98 /* Resources */,
			);
			buildRules = (
			);
			dependencies = (
				FADE150C2A6835780044CD98 /* PBXTargetDependency */,
			);
			name = LlamaUITests;
			productName = LlamaUITests;
			productReference = FADE150A2A6835780044CD98 /* LlamaUITests.xctest */;
			productType = "com.apple.product-type.bundle.ui-testing";
		};
/* End PBXNativeTarget section */

/* Begin PBXProject section */
		FADE14E82A6835770044CD98 /* Project object */ = {
			isa = PBXProject;
			attributes = {
				BuildIndependentTargetsInParallel = 1;
				LastSwiftUpdateCheck = 1500;
				LastUpgradeCheck = 1500;
				TargetAttributes = {
					FADE14EF2A6835770044CD98 = {
						CreatedOnToolsVersion = 15.0;
					};
					FADE14FF2A6835780044CD98 = {
						CreatedOnToolsVersion = 15.0;
						TestTargetID = FADE14EF2A6835770044CD98;
					};
					FADE15092A6835780044CD98 = {
						CreatedOnToolsVersion = 15.0;
						TestTargetID = FADE14EF2A6835770044CD98;
					};
				};
			};
			buildConfigurationList = FADE14EB2A6835770044CD98 /* Build configuration list for PBXProject "Llama" */;
			compatibilityVersion = "Xcode 14.0";
			developmentRegion = en;
			hasScannedForEncodings = 0;
			knownRegions = (
				en,
				Base,
			);
			mainGroup = FADE14E72A6835770044CD98;
			packageReferences = (
				FADE151D2A6836460044CD98 /* XCRemoteSwiftPackageReference "Chat" */,
			);
			productRefGroup = FADE14F12A6835770044CD98 /* Products */;
			projectDirPath = "";
			projectRoot = "";
			targets = (
				FADE14EF2A6835770044CD98 /* Llama */,
				FADE14FF2A6835780044CD98 /* LlamaTests */,
				FADE15092A6835780044CD98 /* LlamaUITests */,
			);
		};
/* End PBXProject section */

/* Begin PBXResourcesBuildPhase section */
		FADE14EE2A6835770044CD98 /* Resources */ = {
			isa = PBXResourcesBuildPhase;
			buildActionMask = 2147483647;
			files = (
				FADE14FB2A6835780044CD98 /* Preview Assets.xcassets in Resources */,
				FADE14F82A6835780044CD98 /* Assets.xcassets in Resources */,
			);
			runOnlyForDeploymentPostprocessing = 0;
		};
		FADE14FE2A6835780044CD98 /* Resources */ = {
			isa = PBXResourcesBuildPhase;
			buildActionMask = 2147483647;
			files = (
			);
			runOnlyForDeploymentPostprocessing = 0;
		};
		FADE15082A6835780044CD98 /* Resources */ = {
			isa = PBXResourcesBuildPhase;
			buildActionMask = 2147483647;
			files = (
			);
			runOnlyForDeploymentPostprocessing = 0;
		};
/* End PBXResourcesBuildPhase section */

/* Begin PBXSourcesBuildPhase section */
		FADE14EC2A6835770044CD98 /* Sources */ = {
			isa = PBXSourcesBuildPhase;
			buildActionMask = 2147483647;
			files = (
				FADE14F62A6835770044CD98 /* ContentView.swift in Sources */,
				FADE14F42A6835770044CD98 /* LlamaApp.swift in Sources */,
				FADE15212A6838500044CD98 /* LlamaMessageModel.swift in Sources */,
			);
			runOnlyForDeploymentPostprocessing = 0;
		};
		FADE14FC2A6835780044CD98 /* Sources */ = {
			isa = PBXSourcesBuildPhase;
			buildActionMask = 2147483647;
			files = (
				FADE15052A6835780044CD98 /* LlamaTests.swift in Sources */,
			);
			runOnlyForDeploymentPostprocessing = 0;
		};
		FADE15062A6835780044CD98 /* Sources */ = {
			isa = PBXSourcesBuildPhase;
			buildActionMask = 2147483647;
			files = (
				FADE15112A6835780044CD98 /* LlamaUITestsLaunchTests.swift in Sources */,
				FADE150F2A6835780044CD98 /* LlamaUITests.swift in Sources */,
			);
			runOnlyForDeploymentPostprocessing = 0;
		};
/* End PBXSourcesBuildPhase section */

/* Begin PBXTargetDependency section */
		FADE15022A6835780044CD98 /* PBXTargetDependency */ = {
			isa = PBXTargetDependency;
			target = FADE14EF2A6835770044CD98 /* Llama */;
			targetProxy = FADE15012A6835780044CD98 /* PBXContainerItemProxy */;
		};
		FADE150C2A6835780044CD98 /* PBXTargetDependency */ = {
			isa = PBXTargetDependency;
			target = FADE14EF2A6835770044CD98 /* Llama */;
			targetProxy = FADE150B2A6835780044CD98 /* PBXContainerItemProxy */;
		};
/* End PBXTargetDependency section */

/* Begin XCBuildConfiguration section */
		FADE15122A6835780044CD98 /* Debug */ = {
			isa = XCBuildConfiguration;
			buildSettings = {
				ALWAYS_SEARCH_USER_PATHS = NO;
				ASSETCATALOG_COMPILER_GENERATE_SWIFT_ASSET_SYMBOL_EXTENSIONS = YES;
				CLANG_ANALYZER_NONNULL = YES;
				CLANG_ANALYZER_NUMBER_OBJECT_CONVERSION = YES_AGGRESSIVE;
				CLANG_CXX_LANGUAGE_STANDARD = "gnu++20";
				CLANG_ENABLE_MODULES = YES;
				CLANG_ENABLE_OBJC_ARC = YES;
				CLANG_ENABLE_OBJC_WEAK = YES;
				CLANG_WARN_BLOCK_CAPTURE_AUTORELEASING = YES;
				CLANG_WARN_BOOL_CONVERSION = YES;
				CLANG_WARN_COMMA = YES;
				CLANG_WARN_CONSTANT_CONVERSION = YES;
				CLANG_WARN_DEPRECATED_OBJC_IMPLEMENTATIONS = YES;
				CLANG_WARN_DIRECT_OBJC_ISA_USAGE = YES_ERROR;
				CLANG_WARN_DOCUMENTATION_COMMENTS = YES;
				CLANG_WARN_EMPTY_BODY = YES;
				CLANG_WARN_ENUM_CONVERSION = YES;
				CLANG_WARN_INFINITE_RECURSION = YES;
				CLANG_WARN_INT_CONVERSION = YES;
				CLANG_WARN_NON_LITERAL_NULL_CONVERSION = YES;
				CLANG_WARN_OBJC_IMPLICIT_RETAIN_SELF = YES;
				CLANG_WARN_OBJC_LITERAL_CONVERSION = YES;
				CLANG_WARN_OBJC_ROOT_CLASS = YES_ERROR;
				CLANG_WARN_QUOTED_INCLUDE_IN_FRAMEWORK_HEADER = YES;
				CLANG_WARN_RANGE_LOOP_ANALYSIS = YES;
				CLANG_WARN_STRICT_PROTOTYPES = YES;
				CLANG_WARN_SUSPICIOUS_MOVE = YES;
				CLANG_WARN_UNGUARDED_AVAILABILITY = YES_AGGRESSIVE;
				CLANG_WARN_UNREACHABLE_CODE = YES;
				CLANG_WARN__DUPLICATE_METHOD_MATCH = YES;
				COPY_PHASE_STRIP = NO;
				DEBUG_INFORMATION_FORMAT = dwarf;
				ENABLE_STRICT_OBJC_MSGSEND = YES;
				ENABLE_TESTABILITY = YES;
				ENABLE_USER_SCRIPT_SANDBOXING = YES;
				GCC_C_LANGUAGE_STANDARD = gnu17;
				GCC_DYNAMIC_NO_PIC = NO;
				GCC_NO_COMMON_BLOCKS = YES;
				GCC_OPTIMIZATION_LEVEL = 0;
				GCC_PREPROCESSOR_DEFINITIONS = (
					"DEBUG=1",
					"$(inherited)",
				);
				GCC_WARN_64_TO_32_BIT_CONVERSION = YES;
				GCC_WARN_ABOUT_RETURN_TYPE = YES_ERROR;
				GCC_WARN_UNDECLARED_SELECTOR = YES;
				GCC_WARN_UNINITIALIZED_AUTOS = YES_AGGRESSIVE;
				GCC_WARN_UNUSED_FUNCTION = YES;
				GCC_WARN_UNUSED_VARIABLE = YES;
				IPHONEOS_DEPLOYMENT_TARGET = 17.0;
				LOCALIZATION_PREFERS_STRING_CATALOGS = YES;
				MTL_ENABLE_DEBUG_INFO = INCLUDE_SOURCE;
				MTL_FAST_MATH = YES;
				ONLY_ACTIVE_ARCH = YES;
				SDKROOT = iphoneos;
				SWIFT_ACTIVE_COMPILATION_CONDITIONS = "DEBUG $(inherited)";
				SWIFT_OPTIMIZATION_LEVEL = "-Onone";
			};
			name = Debug;
		};
		FADE15132A6835780044CD98 /* Release */ = {
			isa = XCBuildConfiguration;
			buildSettings = {
				ALWAYS_SEARCH_USER_PATHS = NO;
				ASSETCATALOG_COMPILER_GENERATE_SWIFT_ASSET_SYMBOL_EXTENSIONS = YES;
				CLANG_ANALYZER_NONNULL = YES;
				CLANG_ANALYZER_NUMBER_OBJECT_CONVERSION = YES_AGGRESSIVE;
				CLANG_CXX_LANGUAGE_STANDARD = "gnu++20";
				CLANG_ENABLE_MODULES = YES;
				CLANG_ENABLE_OBJC_ARC = YES;
				CLANG_ENABLE_OBJC_WEAK = YES;
				CLANG_WARN_BLOCK_CAPTURE_AUTORELEASING = YES;
				CLANG_WARN_BOOL_CONVERSION = YES;
				CLANG_WARN_COMMA = YES;
				CLANG_WARN_CONSTANT_CONVERSION = YES;
				CLANG_WARN_DEPRECATED_OBJC_IMPLEMENTATIONS = YES;
				CLANG_WARN_DIRECT_OBJC_ISA_USAGE = YES_ERROR;
				CLANG_WARN_DOCUMENTATION_COMMENTS = YES;
				CLANG_WARN_EMPTY_BODY = YES;
				CLANG_WARN_ENUM_CONVERSION = YES;
				CLANG_WARN_INFINITE_RECURSION = YES;
				CLANG_WARN_INT_CONVERSION = YES;
				CLANG_WARN_NON_LITERAL_NULL_CONVERSION = YES;
				CLANG_WARN_OBJC_IMPLICIT_RETAIN_SELF = YES;
				CLANG_WARN_OBJC_LITERAL_CONVERSION = YES;
				CLANG_WARN_OBJC_ROOT_CLASS = YES_ERROR;
				CLANG_WARN_QUOTED_INCLUDE_IN_FRAMEWORK_HEADER = YES;
				CLANG_WARN_RANGE_LOOP_ANALYSIS = YES;
				CLANG_WARN_STRICT_PROTOTYPES = YES;
				CLANG_WARN_SUSPICIOUS_MOVE = YES;
				CLANG_WARN_UNGUARDED_AVAILABILITY = YES_AGGRESSIVE;
				CLANG_WARN_UNREACHABLE_CODE = YES;
				CLANG_WARN__DUPLICATE_METHOD_MATCH = YES;
				COPY_PHASE_STRIP = NO;
				DEBUG_INFORMATION_FORMAT = "dwarf-with-dsym";
				ENABLE_NS_ASSERTIONS = NO;
				ENABLE_STRICT_OBJC_MSGSEND = YES;
				ENABLE_USER_SCRIPT_SANDBOXING = YES;
				GCC_C_LANGUAGE_STANDARD = gnu17;
				GCC_NO_COMMON_BLOCKS = YES;
				GCC_WARN_64_TO_32_BIT_CONVERSION = YES;
				GCC_WARN_ABOUT_RETURN_TYPE = YES_ERROR;
				GCC_WARN_UNDECLARED_SELECTOR = YES;
				GCC_WARN_UNINITIALIZED_AUTOS = YES_AGGRESSIVE;
				GCC_WARN_UNUSED_FUNCTION = YES;
				GCC_WARN_UNUSED_VARIABLE = YES;
				IPHONEOS_DEPLOYMENT_TARGET = 17.0;
				LOCALIZATION_PREFERS_STRING_CATALOGS = YES;
				MTL_ENABLE_DEBUG_INFO = NO;
				MTL_FAST_MATH = YES;
				SDKROOT = iphoneos;
				SWIFT_COMPILATION_MODE = wholemodule;
				VALIDATE_PRODUCT = YES;
			};
			name = Release;
		};
		FADE15152A6835780044CD98 /* Debug */ = {
			isa = XCBuildConfiguration;
			buildSettings = {
				ASSETCATALOG_COMPILER_APPICON_NAME = AppIcon;
				ASSETCATALOG_COMPILER_GLOBAL_ACCENT_COLOR_NAME = AccentColor;
				CODE_SIGN_STYLE = Automatic;
				CURRENT_PROJECT_VERSION = 1;
				DEVELOPMENT_ASSET_PATHS = "\"Llama/Preview Content\"";
				ENABLE_PREVIEWS = YES;
				GENERATE_INFOPLIST_FILE = YES;
				INFOPLIST_KEY_UIApplicationSceneManifest_Generation = YES;
				INFOPLIST_KEY_UIApplicationSupportsIndirectInputEvents = YES;
				INFOPLIST_KEY_UILaunchScreen_Generation = YES;
				INFOPLIST_KEY_UISupportedInterfaceOrientations_iPad = "UIInterfaceOrientationPortrait UIInterfaceOrientationPortraitUpsideDown UIInterfaceOrientationLandscapeLeft UIInterfaceOrientationLandscapeRight";
				INFOPLIST_KEY_UISupportedInterfaceOrientations_iPhone = "UIInterfaceOrientationPortrait UIInterfaceOrientationLandscapeLeft UIInterfaceOrientationLandscapeRight";
				LD_RUNPATH_SEARCH_PATHS = (
					"$(inherited)",
					"@executable_path/Frameworks",
				);
				MARKETING_VERSION = 1.0;
				PRODUCT_BUNDLE_IDENTIFIER = sigilwen.ca.Llama;
				PRODUCT_NAME = "$(TARGET_NAME)";
				SWIFT_EMIT_LOC_STRINGS = YES;
				SWIFT_VERSION = 5.0;
				TARGETED_DEVICE_FAMILY = "1,2";
			};
			name = Debug;
		};
		FADE15162A6835780044CD98 /* Release */ = {
			isa = XCBuildConfiguration;
			buildSettings = {
				ASSETCATALOG_COMPILER_APPICON_NAME = AppIcon;
				ASSETCATALOG_COMPILER_GLOBAL_ACCENT_COLOR_NAME = AccentColor;
				CODE_SIGN_STYLE = Automatic;
				CURRENT_PROJECT_VERSION = 1;
				DEVELOPMENT_ASSET_PATHS = "\"Llama/Preview Content\"";
				ENABLE_PREVIEWS = YES;
				GENERATE_INFOPLIST_FILE = YES;
				INFOPLIST_KEY_UIApplicationSceneManifest_Generation = YES;
				INFOPLIST_KEY_UIApplicationSupportsIndirectInputEvents = YES;
				INFOPLIST_KEY_UILaunchScreen_Generation = YES;
				INFOPLIST_KEY_UISupportedInterfaceOrientations_iPad = "UIInterfaceOrientationPortrait UIInterfaceOrientationPortraitUpsideDown UIInterfaceOrientationLandscapeLeft UIInterfaceOrientationLandscapeRight";
				INFOPLIST_KEY_UISupportedInterfaceOrientations_iPhone = "UIInterfaceOrientationPortrait UIInterfaceOrientationLandscapeLeft UIInterfaceOrientationLandscapeRight";
				LD_RUNPATH_SEARCH_PATHS = (
					"$(inherited)",
					"@executable_path/Frameworks",
				);
				MARKETING_VERSION = 1.0;
				PRODUCT_BUNDLE_IDENTIFIER = sigilwen.ca.Llama;
				PRODUCT_NAME = "$(TARGET_NAME)";
				SWIFT_EMIT_LOC_STRINGS = YES;
				SWIFT_VERSION = 5.0;
				TARGETED_DEVICE_FAMILY = "1,2";
			};
			name = Release;
		};
		FADE15182A6835780044CD98 /* Debug */ = {
			isa = XCBuildConfiguration;
			buildSettings = {
				ALWAYS_EMBED_SWIFT_STANDARD_LIBRARIES = YES;
				BUNDLE_LOADER = "$(TEST_HOST)";
				CODE_SIGN_STYLE = Automatic;
				CURRENT_PROJECT_VERSION = 1;
				GENERATE_INFOPLIST_FILE = YES;
				IPHONEOS_DEPLOYMENT_TARGET = 17.0;
				MARKETING_VERSION = 1.0;
				PRODUCT_BUNDLE_IDENTIFIER = sigilwen.ca.LlamaTests;
				PRODUCT_NAME = "$(TARGET_NAME)";
				SWIFT_EMIT_LOC_STRINGS = NO;
				SWIFT_VERSION = 5.0;
				TARGETED_DEVICE_FAMILY = "1,2";
				TEST_HOST = "$(BUILT_PRODUCTS_DIR)/Llama.app/$(BUNDLE_EXECUTABLE_FOLDER_PATH)/Llama";
			};
			name = Debug;
		};
		FADE15192A6835780044CD98 /* Release */ = {
			isa = XCBuildConfiguration;
			buildSettings = {
				ALWAYS_EMBED_SWIFT_STANDARD_LIBRARIES = YES;
				BUNDLE_LOADER = "$(TEST_HOST)";
				CODE_SIGN_STYLE = Automatic;
				CURRENT_PROJECT_VERSION = 1;
				GENERATE_INFOPLIST_FILE = YES;
				IPHONEOS_DEPLOYMENT_TARGET = 17.0;
				MARKETING_VERSION = 1.0;
				PRODUCT_BUNDLE_IDENTIFIER = sigilwen.ca.LlamaTests;
				PRODUCT_NAME = "$(TARGET_NAME)";
				SWIFT_EMIT_LOC_STRINGS = NO;
				SWIFT_VERSION = 5.0;
				TARGETED_DEVICE_FAMILY = "1,2";
				TEST_HOST = "$(BUILT_PRODUCTS_DIR)/Llama.app/$(BUNDLE_EXECUTABLE_FOLDER_PATH)/Llama";
			};
			name = Release;
		};
		FADE151B2A6835780044CD98 /* Debug */ = {
			isa = XCBuildConfiguration;
			buildSettings = {
				ALWAYS_EMBED_SWIFT_STANDARD_LIBRARIES = YES;
				CODE_SIGN_STYLE = Automatic;
				CURRENT_PROJECT_VERSION = 1;
				GENERATE_INFOPLIST_FILE = YES;
				MARKETING_VERSION = 1.0;
				PRODUCT_BUNDLE_IDENTIFIER = sigilwen.ca.LlamaUITests;
				PRODUCT_NAME = "$(TARGET_NAME)";
				SWIFT_EMIT_LOC_STRINGS = NO;
				SWIFT_VERSION = 5.0;
				TARGETED_DEVICE_FAMILY = "1,2";
				TEST_TARGET_NAME = Llama;
			};
			name = Debug;
		};
		FADE151C2A6835780044CD98 /* Release */ = {
			isa = XCBuildConfiguration;
			buildSettings = {
				ALWAYS_EMBED_SWIFT_STANDARD_LIBRARIES = YES;
				CODE_SIGN_STYLE = Automatic;
				CURRENT_PROJECT_VERSION = 1;
				GENERATE_INFOPLIST_FILE = YES;
				MARKETING_VERSION = 1.0;
				PRODUCT_BUNDLE_IDENTIFIER = sigilwen.ca.LlamaUITests;
				PRODUCT_NAME = "$(TARGET_NAME)";
				SWIFT_EMIT_LOC_STRINGS = NO;
				SWIFT_VERSION = 5.0;
				TARGETED_DEVICE_FAMILY = "1,2";
				TEST_TARGET_NAME = Llama;
			};
			name = Release;
		};
/* End XCBuildConfiguration section */

/* Begin XCConfigurationList section */
		FADE14EB2A6835770044CD98 /* Build configuration list for PBXProject "Llama" */ = {
			isa = XCConfigurationList;
			buildConfigurations = (
				FADE15122A6835780044CD98 /* Debug */,
				FADE15132A6835780044CD98 /* Release */,
			);
			defaultConfigurationIsVisible = 0;
			defaultConfigurationName = Release;
		};
		FADE15142A6835780044CD98 /* Build configuration list for PBXNativeTarget "Llama" */ = {
			isa = XCConfigurationList;
			buildConfigurations = (
				FADE15152A6835780044CD98 /* Debug */,
				FADE15162A6835780044CD98 /* Release */,
			);
			defaultConfigurationIsVisible = 0;
			defaultConfigurationName = Release;
		};
		FADE15172A6835780044CD98 /* Build configuration list for PBXNativeTarget "LlamaTests" */ = {
			isa = XCConfigurationList;
			buildConfigurations = (
				FADE15182A6835780044CD98 /* Debug */,
				FADE15192A6835780044CD98 /* Release */,
			);
			defaultConfigurationIsVisible = 0;
			defaultConfigurationName = Release;
		};
		FADE151A2A6835780044CD98 /* Build configuration list for PBXNativeTarget "LlamaUITests" */ = {
			isa = XCConfigurationList;
			buildConfigurations = (
				FADE151B2A6835780044CD98 /* Debug */,
				FADE151C2A6835780044CD98 /* Release */,
			);
			defaultConfigurationIsVisible = 0;
			defaultConfigurationName = Release;
		};
/* End XCConfigurationList section */

/* Begin XCRemoteSwiftPackageReference section */
		FADE151D2A6836460044CD98 /* XCRemoteSwiftPackageReference "Chat" */ = {
			isa = XCRemoteSwiftPackageReference;
			repositoryURL = "https://github.com/exyte/Chat";
			requirement = {
				kind = upToNextMajorVersion;
				minimumVersion = 1.0.3;
			};
		};
/* End XCRemoteSwiftPackageReference section */

/* Begin XCSwiftPackageProductDependency section */
		FADE151E2A6836470044CD98 /* Chat */ = {
			isa = XCSwiftPackageProductDependency;
			package = FADE151D2A6836460044CD98 /* XCRemoteSwiftPackageReference "Chat" */;
			productName = Chat;
		};
/* End XCSwiftPackageProductDependency section */
	};
	rootObject = FADE14E82A6835770044CD98 /* Project object */;
}
